
Microsoft Visual Studio Solution File, Format Version 12.00
# Visual Studio Version 17
VisualStudioVersion = 17.12.35527.113 d17.12
MinimumVisualStudioVersion = 10.0.40219.1
Project("{FAE04EC0-301F-11D3-BF4B-00C04F79EFBC}") = "hafta 4 kapanış", "hafta 4 kapanış\hafta 4 kapanış.csproj", "{84F7A013-3A7F-4862-A281-A87115FD79BD}"
EndProject
Global
	GlobalSection(SolutionConfigurationPlatforms) = preSolution
		Debug|Any CPU = Debug|Any CPU
		Release|Any CPU = Release|Any CPU
	EndGlobalSection
	GlobalSection(ProjectConfigurationPlatforms) = postSolution
		{84F7A013-3A7F-4862-A281-A87115FD79BD}.Debug|Any CPU.ActiveCfg = Debug|Any CPU
		{84F7A013-3A7F-4862-A281-A87115FD79BD}.Debug|Any CPU.Build.0 = Debug|Any CPU
		{84F7A013-3A7F-4862-A281-A87115FD79BD}.Release|Any CPU.ActiveCfg = Release|Any CPU
		{84F7A013-3A7F-4862-A281-A87115FD79BD}.Release|Any CPU.Build.0 = Release|Any CPU
	EndGlobalSection
	GlobalSection(SolutionProperties) = preSolution
		HideSolutionNode = FALSE
	EndGlobalSection
EndGlobal
